// !$*UTF8*$!
{
	archiveVersion = 1;
	classes = {
	};
	objectVersion = 50;
	objects = {

/* Begin PBXBuildFile section */
		D9E004BE25B1FE3E00BA6E48 /* AppDelegate.swift in Sources */ = {isa = PBXBuildFile; fileRef = D9E004BD25B1FE3E00BA6E48 /* AppDelegate.swift */; };
		D9E004C025B1FE3E00BA6E48 /* SceneDelegate.swift in Sources */ = {isa = PBXBuildFile; fileRef = D9E004BF25B1FE3E00BA6E48 /* SceneDelegate.swift */; };
		D9E004C225B1FE3E00BA6E48 /* ViewController.swift in Sources */ = {isa = PBXBuildFile; fileRef = D9E004C125B1FE3E00BA6E48 /* ViewController.swift */; };
		D9E004C525B1FE3E00BA6E48 /* Main.storyboard in Resources */ = {isa = PBXBuildFile; fileRef = D9E004C325B1FE3E00BA6E48 /* Main.storyboard */; };
		D9E004C725B1FE4600BA6E48 /* Assets.xcassets in Resources */ = {isa = PBXBuildFile; fileRef = D9E004C625B1FE4600BA6E48 /* Assets.xcassets */; };
		D9E004CA25B1FE4600BA6E48 /* LaunchScreen.storyboard in Resources */ = {isa = PBXBuildFile; fileRef = D9E004C825B1FE4600BA6E48 /* LaunchScreen.storyboard */; };
		D9E004D525B1FE4700BA6E48 /* Top_100Tests.swift in Sources */ = {isa = PBXBuildFile; fileRef = D9E004D425B1FE4700BA6E48 /* Top_100Tests.swift */; };
		D9E004E125B1FE9800BA6E48 /* Router.swift in Sources */ = {isa = PBXBuildFile; fileRef = D9E004E025B1FE9800BA6E48 /* Router.swift */; };
/* End PBXBuildFile section */

/* Begin PBXContainerItemProxy section */
		D9E004D125B1FE4700BA6E48 /* PBXContainerItemProxy */ = {
			isa = PBXContainerItemProxy;
			containerPortal = D9E004B225B1FE3E00BA6E48 /* Project object */;
			proxyType = 1;
			remoteGlobalIDString = D9E004B925B1FE3E00BA6E48;
			remoteInfo = "Top 100";
		};
/* End PBXContainerItemProxy section */

/* Begin PBXFileReference section */
		D9E004BA25B1FE3E00BA6E48 /* Top 100.app */ = {isa = PBXFileReference; explicitFileType = wrapper.application; includeInIndex = 0; path = "Top 100.app"; sourceTree = BUILT_PRODUCTS_DIR; };
		D9E004BD25B1FE3E00BA6E48 /* AppDelegate.swift */ = {isa = PBXFileReference; lastKnownFileType = sourcecode.swift; path = AppDelegate.swift; sourceTree = "<group>"; };
		D9E004BF25B1FE3E00BA6E48 /* SceneDelegate.swift */ = {isa = PBXFileReference; lastKnownFileType = sourcecode.swift; path = SceneDelegate.swift; sourceTree = "<group>"; };
		D9E004C125B1FE3E00BA6E48 /* ViewController.swift */ = {isa = PBXFileReference; lastKnownFileType = sourcecode.swift; path = ViewController.swift; sourceTree = "<group>"; };
		D9E004C425B1FE3E00BA6E48 /* Base */ = {isa = PBXFileReference; lastKnownFileType = file.storyboard; name = Base; path = Base.lproj/Main.storyboard; sourceTree = "<group>"; };
		D9E004C625B1FE4600BA6E48 /* Assets.xcassets */ = {isa = PBXFileReference; lastKnownFileType = folder.assetcatalog; path = Assets.xcassets; sourceTree = "<group>"; };
		D9E004C925B1FE4600BA6E48 /* Base */ = {isa = PBXFileReference; lastKnownFileType = file.storyboard; name = Base; path = Base.lproj/LaunchScreen.storyboard; sourceTree = "<group>"; };
		D9E004CB25B1FE4600BA6E48 /* Info.plist */ = {isa = PBXFileReference; lastKnownFileType = text.plist.xml; path = Info.plist; sourceTree = "<group>"; };
		D9E004D025B1FE4700BA6E48 /* Top 100Tests.xctest */ = {isa = PBXFileReference; explicitFileType = wrapper.cfbundle; includeInIndex = 0; path = "Top 100Tests.xctest"; sourceTree = BUILT_PRODUCTS_DIR; };
		D9E004D425B1FE4700BA6E48 /* Top_100Tests.swift */ = {isa = PBXFileReference; lastKnownFileType = sourcecode.swift; path = Top_100Tests.swift; sourceTree = "<group>"; };
		D9E004D625B1FE4700BA6E48 /* Info.plist */ = {isa = PBXFileReference; lastKnownFileType = text.plist.xml; path = Info.plist; sourceTree = "<group>"; };
		D9E004E025B1FE9800BA6E48 /* Router.swift */ = {isa = PBXFileReference; lastKnownFileType = sourcecode.swift; path = Router.swift; sourceTree = "<group>"; };
/* End PBXFileReference section */

/* Begin PBXFrameworksBuildPhase section */
		D9E004B725B1FE3E00BA6E48 /* Frameworks */ = {
			isa = PBXFrameworksBuildPhase;
			buildActionMask = 2147483647;
			files = (
			);
			runOnlyForDeploymentPostprocessing = 0;
		};
		D9E004CD25B1FE4700BA6E48 /* Frameworks */ = {
			isa = PBXFrameworksBuildPhase;
			buildActionMask = 2147483647;
			files = (
			);
			runOnlyForDeploymentPostprocessing = 0;
		};
/* End PBXFrameworksBuildPhase section */

/* Begin PBXGroup section */
		D9E004B125B1FE3E00BA6E48 = {
			isa = PBXGroup;
			children = (
				D9E004BC25B1FE3E00BA6E48 /* Top 100 */,
				D9E004D325B1FE4700BA6E48 /* Top 100Tests */,
				D9E004BB25B1FE3E00BA6E48 /* Products */,
			);
			sourceTree = "<group>";
		};
		D9E004BB25B1FE3E00BA6E48 /* Products */ = {
			isa = PBXGroup;
			children = (
				D9E004BA25B1FE3E00BA6E48 /* Top 100.app */,
				D9E004D025B1FE4700BA6E48 /* Top 100Tests.xctest */,
			);
			name = Products;
			sourceTree = "<group>";
		};
		D9E004BC25B1FE3E00BA6E48 /* Top 100 */ = {
			isa = PBXGroup;
			children = (
				D9E004DF25B1FE8C00BA6E48 /* Networking */,
				D9E004BD25B1FE3E00BA6E48 /* AppDelegate.swift */,
				D9E004BF25B1FE3E00BA6E48 /* SceneDelegate.swift */,
				D9E004C125B1FE3E00BA6E48 /* ViewController.swift */,
				D9E004C325B1FE3E00BA6E48 /* Main.storyboard */,
				D9E004C625B1FE4600BA6E48 /* Assets.xcassets */,
				D9E004C825B1FE4600BA6E48 /* LaunchScreen.storyboard */,
				D9E004CB25B1FE4600BA6E48 /* Info.plist */,
			);
			path = "Top 100";
			sourceTree = "<group>";
		};
		D9E004D325B1FE4700BA6E48 /* Top 100Tests */ = {
			isa = PBXGroup;
			children = (
				D9E004D425B1FE4700BA6E48 /* Top_100Tests.swift */,
				D9E004D625B1FE4700BA6E48 /* Info.plist */,
			);
			path = "Top 100Tests";
			sourceTree = "<group>";
		};
		D9E004DF25B1FE8C00BA6E48 /* Networking */ = {
			isa = PBXGroup;
			children = (
				D9E004E025B1FE9800BA6E48 /* Router.swift */,
			);
			path = Networking;
			sourceTree = "<group>";
		};
/* End PBXGroup section */

/* Begin PBXNativeTarget section */
		D9E004B925B1FE3E00BA6E48 /* Top 100 */ = {
			isa = PBXNativeTarget;
			buildConfigurationList = D9E004D925B1FE4700BA6E48 /* Build configuration list for PBXNativeTarget "Top 100" */;
			buildPhases = (
				D9E004B625B1FE3E00BA6E48 /* Sources */,
				D9E004B725B1FE3E00BA6E48 /* Frameworks */,
				D9E004B825B1FE3E00BA6E48 /* Resources */,
			);
			buildRules = (
			);
			dependencies = (
			);
			name = "Top 100";
			productName = "Top 100";
			productReference = D9E004BA25B1FE3E00BA6E48 /* Top 100.app */;
			productType = "com.apple.product-type.application";
		};
		D9E004CF25B1FE4700BA6E48 /* Top 100Tests */ = {
			isa = PBXNativeTarget;
			buildConfigurationList = D9E004DC25B1FE4700BA6E48 /* Build configuration list for PBXNativeTarget "Top 100Tests" */;
			buildPhases = (
				D9E004CC25B1FE4700BA6E48 /* Sources */,
				D9E004CD25B1FE4700BA6E48 /* Frameworks */,
				D9E004CE25B1FE4700BA6E48 /* Resources */,
			);
			buildRules = (
			);
			dependencies = (
				D9E004D225B1FE4700BA6E48 /* PBXTargetDependency */,
			);
			name = "Top 100Tests";
			productName = "Top 100Tests";
			productReference = D9E004D025B1FE4700BA6E48 /* Top 100Tests.xctest */;
			productType = "com.apple.product-type.bundle.unit-test";
		};
/* End PBXNativeTarget section */

/* Begin PBXProject section */
		D9E004B225B1FE3E00BA6E48 /* Project object */ = {
			isa = PBXProject;
			attributes = {
				LastSwiftUpdateCheck = 1120;
				LastUpgradeCheck = 1120;
				ORGANIZATIONNAME = "Josefina perez";
				TargetAttributes = {
					D9E004B925B1FE3E00BA6E48 = {
						CreatedOnToolsVersion = 11.2.1;
					};
					D9E004CF25B1FE4700BA6E48 = {
						CreatedOnToolsVersion = 11.2.1;
						TestTargetID = D9E004B925B1FE3E00BA6E48;
					};
				};
			};
			buildConfigurationList = D9E004B525B1FE3E00BA6E48 /* Build configuration list for PBXProject "Top 100" */;
			compatibilityVersion = "Xcode 9.3";
			developmentRegion = en;
			hasScannedForEncodings = 0;
			knownRegions = (
				en,
				Base,
			);
			mainGroup = D9E004B125B1FE3E00BA6E48;
			productRefGroup = D9E004BB25B1FE3E00BA6E48 /* Products */;
			projectDirPath = "";
			projectRoot = "";
			targets = (
				D9E004B925B1FE3E00BA6E48 /* Top 100 */,
				D9E004CF25B1FE4700BA6E48 /* Top 100Tests */,
			);
		};
/* End PBXProject section */

/* Begin PBXResourcesBuildPhase section */
		D9E004B825B1FE3E00BA6E48 /* Resources */ = {
			isa = PBXResourcesBuildPhase;
			buildActionMask = 2147483647;
			files = (
				D9E004CA25B1FE4600BA6E48 /* LaunchScreen.storyboard in Resources */,
				D9E004C725B1FE4600BA6E48 /* Assets.xcassets in Resources */,
				D9E004C525B1FE3E00BA6E48 /* Main.storyboard in Resources */,
			);
			runOnlyForDeploymentPostprocessing = 0;
		};
		D9E004CE25B1FE4700BA6E48 /* Resources */ = {
			isa = PBXResourcesBuildPhase;
			buildActionMask = 2147483647;
			files = (
			);
			runOnlyForDeploymentPostprocessing = 0;
		};
/* End PBXResourcesBuildPhase section */

/* Begin PBXSourcesBuildPhase section */
		D9E004B625B1FE3E00BA6E48 /* Sources */ = {
			isa = PBXSourcesBuildPhase;
			buildActionMask = 2147483647;
			files = (
				D9E004E125B1FE9800BA6E48 /* Router.swift in Sources */,
				D9E004C225B1FE3E00BA6E48 /* ViewController.swift in Sources */,
				D9E004BE25B1FE3E00BA6E48 /* AppDelegate.swift in Sources */,
				D9E004C025B1FE3E00BA6E48 /* SceneDelegate.swift in Sources */,
			);
			runOnlyForDeploymentPostprocessing = 0;
		};
		D9E004CC25B1FE4700BA6E48 /* Sources */ = {
			isa = PBXSourcesBuildPhase;
			buildActionMask = 2147483647;
			files = (
				D9E004D525B1FE4700BA6E48 /* Top_100Tests.swift in Sources */,
			);
			runOnlyForDeploymentPostprocessing = 0;
		};
/* End PBXSourcesBuildPhase section */

/* Begin PBXTargetDependency section */
		D9E004D225B1FE4700BA6E48 /* PBXTargetDependency */ = {
			isa = PBXTargetDependency;
			target = D9E004B925B1FE3E00BA6E48 /* Top 100 */;
			targetProxy = D9E004D125B1FE4700BA6E48 /* PBXContainerItemProxy */;
		};
/* End PBXTargetDependency section */

/* Begin PBXVariantGroup section */
		D9E004C325B1FE3E00BA6E48 /* Main.storyboard */ = {
			isa = PBXVariantGroup;
			children = (
				D9E004C425B1FE3E00BA6E48 /* Base */,
			);
			name = Main.storyboard;
			sourceTree = "<group>";
		};
		D9E004C825B1FE4600BA6E48 /* LaunchScreen.storyboard */ = {
			isa = PBXVariantGroup;
			children = (
				D9E004C925B1FE4600BA6E48 /* Base */,
			);
			name = LaunchScreen.storyboard;
			sourceTree = "<group>";
		};
/* End PBXVariantGroup section */

/* Begin XCBuildConfiguration section */
		D9E004D725B1FE4700BA6E48 /* Debug */ = {
			isa = XCBuildConfiguration;
			buildSettings = {
				ALWAYS_SEARCH_USER_PATHS = NO;
				CLANG_ANALYZER_NONNULL = YES;
				CLANG_ANALYZER_NUMBER_OBJECT_CONVERSION = YES_AGGRESSIVE;
				CLANG_CXX_LANGUAGE_STANDARD = "gnu++14";
				CLANG_CXX_LIBRARY = "libc++";
				CLANG_ENABLE_MODULES = YES;
				CLANG_ENABLE_OBJC_ARC = YES;
				CLANG_ENABLE_OBJC_WEAK = YES;
				CLANG_WARN_BLOCK_CAPTURE_AUTORELEASING = YES;
				CLANG_WARN_BOOL_CONVERSION = YES;
				CLANG_WARN_COMMA = YES;
				CLANG_WARN_CONSTANT_CONVERSION = YES;
				CLANG_WARN_DEPRECATED_OBJC_IMPLEMENTATIONS = YES;
				CLANG_WARN_DIRECT_OBJC_ISA_USAGE = YES_ERROR;
				CLANG_WARN_DOCUMENTATION_COMMENTS = YES;
				CLANG_WARN_EMPTY_BODY = YES;
				CLANG_WARN_ENUM_CONVERSION = YES;
				CLANG_WARN_INFINITE_RECURSION = YES;
				CLANG_WARN_INT_CONVERSION = YES;
				CLANG_WARN_NON_LITERAL_NULL_CONVERSION = YES;
				CLANG_WARN_OBJC_IMPLICIT_RETAIN_SELF = YES;
				CLANG_WARN_OBJC_LITERAL_CONVERSION = YES;
				CLANG_WARN_OBJC_ROOT_CLASS = YES_ERROR;
				CLANG_WARN_RANGE_LOOP_ANALYSIS = YES;
				CLANG_WARN_STRICT_PROTOTYPES = YES;
				CLANG_WARN_SUSPICIOUS_MOVE = YES;
				CLANG_WARN_UNGUARDED_AVAILABILITY = YES_AGGRESSIVE;
				CLANG_WARN_UNREACHABLE_CODE = YES;
				CLANG_WARN__DUPLICATE_METHOD_MATCH = YES;
				COPY_PHASE_STRIP = NO;
				DEBUG_INFORMATION_FORMAT = dwarf;
				ENABLE_STRICT_OBJC_MSGSEND = YES;
				ENABLE_TESTABILITY = YES;
				GCC_C_LANGUAGE_STANDARD = gnu11;
				GCC_DYNAMIC_NO_PIC = NO;
				GCC_NO_COMMON_BLOCKS = YES;
				GCC_OPTIMIZATION_LEVEL = 0;
				GCC_PREPROCESSOR_DEFINITIONS = (
					"DEBUG=1",
					"$(inherited)",
				);
				GCC_WARN_64_TO_32_BIT_CONVERSION = YES;
				GCC_WARN_ABOUT_RETURN_TYPE = YES_ERROR;
				GCC_WARN_UNDECLARED_SELECTOR = YES;
				GCC_WARN_UNINITIALIZED_AUTOS = YES_AGGRESSIVE;
				GCC_WARN_UNUSED_FUNCTION = YES;
				GCC_WARN_UNUSED_VARIABLE = YES;
				IPHONEOS_DEPLOYMENT_TARGET = 13.2;
				MTL_ENABLE_DEBUG_INFO = INCLUDE_SOURCE;
				MTL_FAST_MATH = YES;
				ONLY_ACTIVE_ARCH = YES;
				SDKROOT = iphoneos;
				SWIFT_ACTIVE_COMPILATION_CONDITIONS = DEBUG;
				SWIFT_OPTIMIZATION_LEVEL = "-Onone";
			};
			name = Debug;
		};
		D9E004D825B1FE4700BA6E48 /* Release */ = {
			isa = XCBuildConfiguration;
			buildSettings = {
				ALWAYS_SEARCH_USER_PATHS = NO;
				CLANG_ANALYZER_NONNULL = YES;
				CLANG_ANALYZER_NUMBER_OBJECT_CONVERSION = YES_AGGRESSIVE;
				CLANG_CXX_LANGUAGE_STANDARD = "gnu++14";
				CLANG_CXX_LIBRARY = "libc++";
				CLANG_ENABLE_MODULES = YES;
				CLANG_ENABLE_OBJC_ARC = YES;
				CLANG_ENABLE_OBJC_WEAK = YES;
				CLANG_WARN_BLOCK_CAPTURE_AUTORELEASING = YES;
				CLANG_WARN_BOOL_CONVERSION = YES;
				CLANG_WARN_COMMA = YES;
				CLANG_WARN_CONSTANT_CONVERSION = YES;
				CLANG_WARN_DEPRECATED_OBJC_IMPLEMENTATIONS = YES;
				CLANG_WARN_DIRECT_OBJC_ISA_USAGE = YES_ERROR;
				CLANG_WARN_DOCUMENTATION_COMMENTS = YES;
				CLANG_WARN_EMPTY_BODY = YES;
				CLANG_WARN_ENUM_CONVERSION = YES;
				CLANG_WARN_INFINITE_RECURSION = YES;
				CLANG_WARN_INT_CONVERSION = YES;
				CLANG_WARN_NON_LITERAL_NULL_CONVERSION = YES;
				CLANG_WARN_OBJC_IMPLICIT_RETAIN_SELF = YES;
				CLANG_WARN_OBJC_LITERAL_CONVERSION = YES;
				CLANG_WARN_OBJC_ROOT_CLASS = YES_ERROR;
				CLANG_WARN_RANGE_LOOP_ANALYSIS = YES;
				CLANG_WARN_STRICT_PROTOTYPES = YES;
				CLANG_WARN_SUSPICIOUS_MOVE = YES;
				CLANG_WARN_UNGUARDED_AVAILABILITY = YES_AGGRESSIVE;
				CLANG_WARN_UNREACHABLE_CODE = YES;
				CLANG_WARN__DUPLICATE_METHOD_MATCH = YES;
				COPY_PHASE_STRIP = NO;
				DEBUG_INFORMATION_FORMAT = "dwarf-with-dsym";
				ENABLE_NS_ASSERTIONS = NO;
				ENABLE_STRICT_OBJC_MSGSEND = YES;
				GCC_C_LANGUAGE_STANDARD = gnu11;
				GCC_NO_COMMON_BLOCKS = YES;
				GCC_WARN_64_TO_32_BIT_CONVERSION = YES;
				GCC_WARN_ABOUT_RETURN_TYPE = YES_ERROR;
				GCC_WARN_UNDECLARED_SELECTOR = YES;
				GCC_WARN_UNINITIALIZED_AUTOS = YES_AGGRESSIVE;
				GCC_WARN_UNUSED_FUNCTION = YES;
				GCC_WARN_UNUSED_VARIABLE = YES;
				IPHONEOS_DEPLOYMENT_TARGET = 13.2;
				MTL_ENABLE_DEBUG_INFO = NO;
				MTL_FAST_MATH = YES;
				SDKROOT = iphoneos;
				SWIFT_COMPILATION_MODE = wholemodule;
				SWIFT_OPTIMIZATION_LEVEL = "-O";
				VALIDATE_PRODUCT = YES;
			};
			name = Release;
		};
		D9E004DA25B1FE4700BA6E48 /* Debug */ = {
			isa = XCBuildConfiguration;
			buildSettings = {
				ASSETCATALOG_COMPILER_APPICON_NAME = AppIcon;
				CODE_SIGN_STYLE = Automatic;
				INFOPLIST_FILE = "Top 100/Info.plist";
				LD_RUNPATH_SEARCH_PATHS = (
					"$(inherited)",
					"@executable_path/Frameworks",
				);
				PRODUCT_BUNDLE_IDENTIFIER = "josefinaperez.Top-100";
				PRODUCT_NAME = "$(TARGET_NAME)";
				SWIFT_VERSION = 5.0;
				TARGETED_DEVICE_FAMILY = "1,2";
			};
			name = Debug;
		};
		D9E004DB25B1FE4700BA6E48 /* Release */ = {
			isa = XCBuildConfiguration;
			buildSettings = {
				ASSETCATALOG_COMPILER_APPICON_NAME = AppIcon;
				CODE_SIGN_STYLE = Automatic;
				INFOPLIST_FILE = "Top 100/Info.plist";
				LD_RUNPATH_SEARCH_PATHS = (
					"$(inherited)",
					"@executable_path/Frameworks",
				);
				PRODUCT_BUNDLE_IDENTIFIER = "josefinaperez.Top-100";
				PRODUCT_NAME = "$(TARGET_NAME)";
				SWIFT_VERSION = 5.0;
				TARGETED_DEVICE_FAMILY = "1,2";
			};
			name = Release;
		};
		D9E004DD25B1FE4700BA6E48 /* Debug */ = {
			isa = XCBuildConfiguration;
			buildSettings = {
				ALWAYS_EMBED_SWIFT_STANDARD_LIBRARIES = YES;
				BUNDLE_LOADER = "$(TEST_HOST)";
				CODE_SIGN_STYLE = Automatic;
				INFOPLIST_FILE = "Top 100Tests/Info.plist";
				IPHONEOS_DEPLOYMENT_TARGET = 13.2;
				LD_RUNPATH_SEARCH_PATHS = (
					"$(inherited)",
					"@executable_path/Frameworks",
					"@loader_path/Frameworks",
				);
				PRODUCT_BUNDLE_IDENTIFIER = "josefinaperez.Top-100Tests";
				PRODUCT_NAME = "$(TARGET_NAME)";
				SWIFT_VERSION = 5.0;
				TARGETED_DEVICE_FAMILY = "1,2";
				TEST_HOST = "$(BUILT_PRODUCTS_DIR)/Top 100.app/Top 100";
			};
			name = Debug;
		};
		D9E004DE25B1FE4700BA6E48 /* Release */ = {
			isa = XCBuildConfiguration;
			buildSettings = {
				ALWAYS_EMBED_SWIFT_STANDARD_LIBRARIES = YES;
				BUNDLE_LOADER = "$(TEST_HOST)";
				CODE_SIGN_STYLE = Automatic;
				INFOPLIST_FILE = "Top 100Tests/Info.plist";
				IPHONEOS_DEPLOYMENT_TARGET = 13.2;
				LD_RUNPATH_SEARCH_PATHS = (
					"$(inherited)",
					"@executable_path/Frameworks",
					"@loader_path/Frameworks",
				);
				PRODUCT_BUNDLE_IDENTIFIER = "josefinaperez.Top-100Tests";
				PRODUCT_NAME = "$(TARGET_NAME)";
				SWIFT_VERSION = 5.0;
				TARGETED_DEVICE_FAMILY = "1,2";
				TEST_HOST = "$(BUILT_PRODUCTS_DIR)/Top 100.app/Top 100";
			};
			name = Release;
		};
/* End XCBuildConfiguration section */

/* Begin XCConfigurationList section */
		D9E004B525B1FE3E00BA6E48 /* Build configuration list for PBXProject "Top 100" */ = {
			isa = XCConfigurationList;
			buildConfigurations = (
				D9E004D725B1FE4700BA6E48 /* Debug */,
				D9E004D825B1FE4700BA6E48 /* Release */,
			);
			defaultConfigurationIsVisible = 0;
			defaultConfigurationName = Release;
		};
		D9E004D925B1FE4700BA6E48 /* Build configuration list for PBXNativeTarget "Top 100" */ = {
			isa = XCConfigurationList;
			buildConfigurations = (
				D9E004DA25B1FE4700BA6E48 /* Debug */,
				D9E004DB25B1FE4700BA6E48 /* Release */,
			);
			defaultConfigurationIsVisible = 0;
			defaultConfigurationName = Release;
		};
		D9E004DC25B1FE4700BA6E48 /* Build configuration list for PBXNativeTarget "Top 100Tests" */ = {
			isa = XCConfigurationList;
			buildConfigurations = (
				D9E004DD25B1FE4700BA6E48 /* Debug */,
				D9E004DE25B1FE4700BA6E48 /* Release */,
			);
			defaultConfigurationIsVisible = 0;
			defaultConfigurationName = Release;
		};
/* End XCConfigurationList section */
	};
	rootObject = D9E004B225B1FE3E00BA6E48 /* Project object */;
}
